# THIS IS AN AUTOGENERATED FILE. DO NOT EDIT THIS FILE DIRECTLY.
# yarn lockfile v1


zustand@3.5.7:
  version "3.5.7"
  resolved "https://registry.yarnpkg.com/zustand/-/zustand-3.5.7.tgz#add5e8d0ba031ce6e0ddf9cb76ef15306efb665f"
  integrity sha512-DlVFXJavIHyXTOGz6dB+8QHZsPyJcGJSEBtlp2Ivmd5SwtlCnhPo3L8LB6YRfAOJC2PbqzgoD8NMjk+y+vIF0g==
