# THIS IS AN AUTOGENERATED FILE. DO NOT EDIT THIS FILE DIRECTLY.
# yarn lockfile v1


zustand@^3.5.10:
  version "3.5.10"
  resolved "https://registry.yarnpkg.com/zustand/-/zustand-3.5.10.tgz#d2622efd64530ffda285ee5b13ff645b68ab0faf"
  integrity sha512-upluvSRWrlCiExu2UbkuMIPJ9AigyjRFoO7O9eUossIj7rPPq7pcJ0NKk6t2P7KF80tg/UdPX6/pNKOSbs9DEg==
