# THIS IS AN AUTOGENERATED FILE. DO NOT EDIT THIS FILE DIRECTLY.
# yarn lockfile v1


"@metamask/detect-provider@^1.2.0":
  version "1.2.0"
  resolved "https://registry.yarnpkg.com/@metamask/detect-provider/-/detect-provider-1.2.0.tgz#3667a7531f2a682e3c3a43eaf3a1958bdb42a696"
  integrity sha512-ocA76vt+8D0thgXZ7LxFPyqw3H7988qblgzddTDA6B8a/yU0uKV42QR/DhA+Jh11rJjxW0jKvwb5htA6krNZDQ==

"@types/node@^16.4.13":
  version "16.4.13"
  resolved "https://registry.yarnpkg.com/@types/node/-/node-16.4.13.tgz#7dfd9c14661edc65cccd43a29eb454174642370d"
  integrity sha512-bLL69sKtd25w7p1nvg9pigE4gtKVpGTPojBFLMkGHXuUgap2sLqQt2qUnqmVCDfzGUL0DRNZP+1prIZJbMeAXg==
