{
  "name": "@wwwr/types",
  "version": "8.1.1",
  "lockfileVersion": 2,
  "requires": true,
  "packages": {
    "": {
      "name": "@wwwr/types",
      "version": "8.1.1",
      "dependencies": {
        "zustand": "^3.5.10"
      },
      "devDependencies": {
        "@types/node": "^16.11.7"
      },
      "peerDependencies": {
        "zustand": "^3.5.10"
      }
    },
    "node_modules/@types/node": {
      "version": "16.11.7",
      "resolved": "https://registry.npmjs.org/@types/node/-/node-16.11.7.tgz",
      "integrity": "sha512-QB5D2sqfSjCmTuWcBWyJ+/44bcjO7VbjSbOE0ucoVbAsSNQc4Lt6QkgkVXkTDwkL4z/beecZNDvVX15D4P8Jbw==",
      "dev": true
    },
    "node_modules/zustand": {
      "version": "3.6.5",
      "resolved": "https://registry.npmjs.org/zustand/-/zustand-3.6.5.tgz",
      "integrity": "sha512-/WfLJuXiEJimt61KGMHebrFBwckkCHGhAgVXTgPQHl6IMzjqm6MREb1OnDSnCRiSmRdhgdFCctceg6tSm79hiw==",
      "engines": {
        "node": ">=12.7.0"
      },
      "peerDependencies": {
        "react": ">=16.8"
      },
      "peerDependenciesMeta": {
        "react": {
          "optional": true
        }
      }
    }
  },
  "dependencies": {
    "@types/node": {
      "version": "16.11.7",
      "resolved": "https://registry.npmjs.org/@types/node/-/node-16.11.7.tgz",
      "integrity": "sha512-QB5D2sqfSjCmTuWcBWyJ+/44bcjO7VbjSbOE0ucoVbAsSNQc4Lt6QkgkVXkTDwkL4z/beecZNDvVX15D4P8Jbw==",
      "dev": true
    },
    "zustand": {
      "version": "3.6.5",
      "resolved": "https://registry.npmjs.org/zustand/-/zustand-3.6.5.tgz",
      "integrity": "sha512-/WfLJuXiEJimt61KGMHebrFBwckkCHGhAgVXTgPQHl6IMzjqm6MREb1OnDSnCRiSmRdhgdFCctceg6tSm79hiw==",
      "requires": {}
    }
  }
}
