# THIS IS AN AUTOGENERATED FILE. DO NOT EDIT THIS FILE DIRECTLY.
# yarn lockfile v1


zustand@^3.3.3:
  version "3.4.0"
  resolved "https://registry.yarnpkg.com/zustand/-/zustand-3.4.0.tgz#c41287822d310a185a1047159f488175f9338875"
  integrity sha512-rEO5ivKPOUcyHXjdLtE9J7rkyVXmm7D61MMwYF40b2Vv0pj8lkgtt5WFxdL6gKVQgNJSubqNbB+b4p9F6nrwxA==
